version: 6
environments:
  default:
    channels:
    - url: https://conda.anaconda.org/pytorch/
    - url: https://conda.anaconda.org/conda-forge/
    - url: https://conda.anaconda.org/main/
    - url: https://conda.anaconda.org/r/
    - url: https://conda.anaconda.org/msys2/
    packages:
      linux-64:
      - conda: https://conda.anaconda.org/conda-forge/linux-64/_openmp_mutex-4.5-4_kmp_llvm.conda
      - conda: https://conda.anaconda.org/conda-forge/linux-64/blas-1.0-mkl.tar.bz2
      - conda: https://conda.anaconda.org/conda-forge/linux-64/brotli-python-1.0.9-py37hd23a5d3_7.tar.bz2
      - conda: https://conda.anaconda.org/conda-forge/linux-64/bzip2-1.0.8-hda65f42_8.conda
      - conda: https://conda.anaconda.org/conda-forge/noarch/ca-certificates-2025.8.3-hbd8a1cb_0.conda
      - conda: https://conda.anaconda.org/conda-forge/noarch/certifi-2024.8.30-pyhd8ed1ab_0.conda
      - conda: https://conda.anaconda.org/conda-forge/noarch/charset-normalizer-3.4.0-pyhd8ed1ab_0.conda
      - conda: https://conda.anaconda.org/conda-forge/noarch/colorama-0.4.6-pyhd8ed1ab_0.tar.bz2
      - conda: https://conda.anaconda.org/conda-forge/linux-64/cudatoolkit-11.6.2-hfc3e2af_13.conda
      - conda: https://conda.anaconda.org/pytorch/linux-64/ffmpeg-4.3-hf484d3e_0.tar.bz2
      - conda: https://conda.anaconda.org/conda-forge/linux-64/freetype-2.12.1-h267a509_2.conda
      - conda: https://conda.anaconda.org/conda-forge/linux-64/gmp-6.3.0-hac33072_2.conda
      - conda: https://conda.anaconda.org/conda-forge/linux-64/gnutls-3.6.13-h85f3911_1.tar.bz2
      - conda: https://conda.anaconda.org/conda-forge/linux-64/icu-73.2-h59595ed_0.conda
      - conda: https://conda.anaconda.org/conda-forge/noarch/idna-3.10-pyhd8ed1ab_0.conda
      - conda: https://conda.anaconda.org/conda-forge/linux-64/jpeg-9e-h0b41bf4_3.conda
      - conda: https://conda.anaconda.org/conda-forge/linux-64/lame-3.100-h166bdaf_1003.tar.bz2
      - conda: https://conda.anaconda.org/conda-forge/linux-64/lcms2-2.14-h6ed2654_0.tar.bz2
      - conda: https://conda.anaconda.org/conda-forge/linux-64/ld_impl_linux-64-2.44-ha97dd6f_2.conda
      - conda: https://conda.anaconda.org/conda-forge/linux-64/lerc-4.0.0-h0aef613_1.conda
      - conda: https://conda.anaconda.org/conda-forge/linux-64/libblas-3.9.0-1_h86c2bf4_netlib.tar.bz2
      - conda: https://conda.anaconda.org/conda-forge/linux-64/libcblas-3.9.0-12_h832b8c9_netlib.conda
      - conda: https://conda.anaconda.org/conda-forge/linux-64/libdeflate-1.14-h166bdaf_0.tar.bz2
      - conda: https://conda.anaconda.org/conda-forge/linux-64/libffi-3.3-h58526e2_2.tar.bz2
      - conda: https://conda.anaconda.org/conda-forge/linux-64/libgcc-15.1.0-h767d61c_5.conda
      - conda: https://conda.anaconda.org/conda-forge/linux-64/libgcc-ng-15.1.0-h69a702a_5.conda
      - conda: https://conda.anaconda.org/conda-forge/linux-64/libgfortran-15.1.0-h69a702a_5.conda
      - conda: https://conda.anaconda.org/conda-forge/linux-64/libgfortran-ng-15.1.0-h69a702a_5.conda
      - conda: https://conda.anaconda.org/conda-forge/linux-64/libgfortran5-15.1.0-hcea5267_5.conda
      - conda: https://conda.anaconda.org/conda-forge/linux-64/libhwloc-2.11.2-default_he43201b_1000.conda
      - conda: https://conda.anaconda.org/conda-forge/linux-64/libiconv-1.18-h3b78370_2.conda
      - conda: https://conda.anaconda.org/conda-forge/linux-64/liblapack-3.9.0-12_hd37a5e2_netlib.conda
      - conda: https://conda.anaconda.org/conda-forge/linux-64/liblzma-5.8.1-hb9d3cd8_2.conda
      - conda: https://conda.anaconda.org/conda-forge/linux-64/liblzma-devel-5.8.1-hb9d3cd8_2.conda
      - conda: https://conda.anaconda.org/conda-forge/linux-64/libpng-1.6.43-h2797004_0.conda
      - conda: https://conda.anaconda.org/conda-forge/linux-64/libsqlite-3.46.0-hde9e2c9_0.conda
      - conda: https://conda.anaconda.org/conda-forge/linux-64/libstdcxx-15.1.0-h8f9b012_5.conda
      - conda: https://conda.anaconda.org/conda-forge/linux-64/libstdcxx-ng-15.1.0-h4852527_5.conda
      - conda: https://conda.anaconda.org/conda-forge/linux-64/libtiff-4.4.0-h82bc61c_5.conda
      - conda: https://conda.anaconda.org/conda-forge/linux-64/libwebp-base-1.6.0-hd42ef1d_0.conda
      - conda: https://conda.anaconda.org/conda-forge/linux-64/libxcb-1.13-h7f98852_1004.tar.bz2
      - conda: https://conda.anaconda.org/conda-forge/linux-64/libxml2-2.12.7-hc051c1a_1.conda
      - conda: https://conda.anaconda.org/conda-forge/linux-64/libzlib-1.2.13-h4ab18f5_6.conda
      - conda: https://conda.anaconda.org/conda-forge/linux-64/llvm-openmp-21.1.0-h4922eb0_0.conda
      - conda: https://conda.anaconda.org/conda-forge/linux-64/mkl-2024.0.0-ha957f24_49657.conda
      - conda: https://conda.anaconda.org/conda-forge/linux-64/ncurses-6.5-h2d0b736_3.conda
      - conda: https://conda.anaconda.org/conda-forge/linux-64/nettle-3.6-he412f7d_0.tar.bz2
      - conda: https://conda.anaconda.org/conda-forge/linux-64/numpy-1.21.6-py37h976b520_0.tar.bz2
      - conda: https://conda.anaconda.org/conda-forge/linux-64/openh264-2.1.1-h780b84a_0.tar.bz2
      - conda: https://conda.anaconda.org/conda-forge/linux-64/openjpeg-2.5.0-h7d73246_1.tar.bz2
      - conda: https://conda.anaconda.org/conda-forge/linux-64/openssl-1.1.1w-hd590300_0.conda
      - conda: https://conda.anaconda.org/conda-forge/linux-64/pillow-9.2.0-py37h850a105_2.tar.bz2
      - conda: https://conda.anaconda.org/conda-forge/noarch/pip-22.3.1-pyhd8ed1ab_0.tar.bz2
      - conda: https://conda.anaconda.org/conda-forge/noarch/plyfile-0.8.1-pyhd8ed1ab_0.conda
      - conda: https://conda.anaconda.org/conda-forge/linux-64/pthread-stubs-0.4-hb9d3cd8_1002.conda
      - conda: https://conda.anaconda.org/conda-forge/linux-64/pysocks-1.7.1-py37h89c1867_5.tar.bz2
      - conda: https://conda.anaconda.org/main/linux-64/python-3.7.13-haa1d7c7_1.tar.bz2
      - conda: https://conda.anaconda.org/conda-forge/linux-64/python_abi-3.7-2_cp37m.tar.bz2
      - conda: https://conda.anaconda.org/pytorch/linux-64/pytorch-1.12.1-py3.7_cuda11.6_cudnn8.3.2_0.tar.bz2
      - conda: https://conda.anaconda.org/pytorch/noarch/pytorch-mutex-1.0-cuda.tar.bz2
      - conda: https://conda.anaconda.org/conda-forge/linux-64/readline-8.2-h8c095d6_2.conda
      - conda: https://conda.anaconda.org/conda-forge/noarch/requests-2.32.2-pyhd8ed1ab_0.conda
      - conda: https://conda.anaconda.org/conda-forge/noarch/setuptools-69.0.3-pyhd8ed1ab_0.conda
      - conda: https://conda.anaconda.org/conda-forge/linux-64/sqlite-3.46.0-h6d4b2fc_0.conda
      - conda: https://conda.anaconda.org/conda-forge/linux-64/tbb-2021.13.0-hceb3a55_1.conda
      - conda: https://conda.anaconda.org/conda-forge/linux-64/tk-8.6.13-noxft_h4845f30_101.conda
      - conda: https://conda.anaconda.org/pytorch/linux-64/torchaudio-0.12.1-py37_cu116.tar.bz2
      - conda: https://conda.anaconda.org/pytorch/linux-64/torchvision-0.13.1-py37_cu116.tar.bz2
      - conda: https://conda.anaconda.org/conda-forge/noarch/tqdm-4.67.1-pyhd8ed1ab_0.conda
      - conda: https://conda.anaconda.org/conda-forge/noarch/typing_extensions-4.7.1-pyha770c72_0.conda
      - conda: https://conda.anaconda.org/conda-forge/noarch/urllib3-2.2.1-pyhd8ed1ab_0.conda
      - conda: https://conda.anaconda.org/conda-forge/noarch/wheel-0.42.0-pyhd8ed1ab_0.conda
      - conda: https://conda.anaconda.org/conda-forge/linux-64/xorg-libxau-1.0.12-hb9d3cd8_0.conda
      - conda: https://conda.anaconda.org/conda-forge/linux-64/xorg-libxdmcp-1.1.5-hb9d3cd8_0.conda
      - conda: https://conda.anaconda.org/conda-forge/linux-64/xz-5.8.1-hbcc6ac9_2.conda
      - conda: https://conda.anaconda.org/conda-forge/linux-64/xz-gpl-tools-5.8.1-hbcc6ac9_2.conda
      - conda: https://conda.anaconda.org/conda-forge/linux-64/xz-tools-5.8.1-hb9d3cd8_2.conda
      - conda: https://conda.anaconda.org/conda-forge/linux-64/zlib-1.2.13-h4ab18f5_6.conda
      - conda: https://conda.anaconda.org/conda-forge/linux-64/zstd-1.5.6-ha6fb4c9_0.conda
packages:
- conda: https://conda.anaconda.org/conda-forge/linux-64/_openmp_mutex-4.5-4_kmp_llvm.conda
  build_number: 4
  sha256: b5e8980dd5fd96607fcccd98217b1058ec54566845b757cc0ecef146b5f0a51e
  md5: cc86eba730b0e87ea9990985d45e60f9
  depends:
  - llvm-openmp >=9.0.1
  license: BSD-3-Clause
  license_family: BSD
  size: 8208
  timestamp: 1756424663803
- conda: https://conda.anaconda.org/conda-forge/linux-64/blas-1.0-mkl.tar.bz2
  sha256: a9a9125029a66905fc9e932dfd4f595be3a59a30db37fd7bf4a675a5c6151d62
  md5: 349aef876b1d8c9dccae01de20d5b385
  depends:
  - mkl
  track_features:
  - blas_mkl
  license: BSD 3-clause
  size: 1381
- conda: https://conda.anaconda.org/conda-forge/linux-64/brotli-python-1.0.9-py37hd23a5d3_7.tar.bz2
  sha256: 86730e19748a80787c7db68121379b8a9516d3acaac9c67cb96655103396ffc1
  md5: f330e49790eb1af580c0d710e63c8cb0
  depends:
  - libgcc-ng >=10.3.0
  - libstdcxx-ng >=10.3.0
  - python >=3.7,<3.8.0a0
  - python_abi 3.7.* *_cp37m
  license: MIT
  license_family: MIT
  size: 360442
  timestamp: 1648884069746
- conda: https://conda.anaconda.org/conda-forge/linux-64/bzip2-1.0.8-hda65f42_8.conda
  sha256: c30daba32ddebbb7ded490f0e371eae90f51e72db620554089103b4a6934b0d5
  md5: 51a19bba1b8ebfb60df25cde030b7ebc
  depends:
  - __glibc >=2.17,<3.0.a0
  - libgcc >=14
  license: bzip2-1.0.6
  license_family: BSD
  size: 260341
  timestamp: 1757437258798
- conda: https://conda.anaconda.org/conda-forge/noarch/ca-certificates-2025.8.3-hbd8a1cb_0.conda
  sha256: 837b795a2bb39b75694ba910c13c15fa4998d4bb2a622c214a6a5174b2ae53d1
  md5: 74784ee3d225fc3dca89edb635b4e5cc
  depends:
  - __unix
  license: ISC
  size: 154402
  timestamp: 1754210968730
- conda: https://conda.anaconda.org/conda-forge/noarch/certifi-2024.8.30-pyhd8ed1ab_0.conda
  sha256: 7020770df338c45ac6b560185956c32f0a5abf4b76179c037f115fc7d687819f
  md5: 12f7d00853807b0531775e9be891cb11
  depends:
  - python >=3.7
  license: ISC
  size: 163752
  timestamp: 1725278204397
- conda: https://conda.anaconda.org/conda-forge/noarch/charset-normalizer-3.4.0-pyhd8ed1ab_0.conda
  sha256: 1873ac45ea61f95750cb0b4e5e675d1c5b3def937e80c7eebb19297f76810be8
  md5: a374efa97290b8799046df7c5ca17164
  depends:
  - python >=3.7
  license: MIT
  license_family: MIT
  size: 47314
  timestamp: 1728479405343
- conda: https://conda.anaconda.org/conda-forge/noarch/colorama-0.4.6-pyhd8ed1ab_0.tar.bz2
  sha256: 2c1b2e9755ce3102bca8d69e8f26e4f087ece73f50418186aee7c74bef8e1698
  md5: 3faab06a954c2a04039983f2c4a50d99
  depends:
  - python >=3.7
  license: BSD-3-Clause
  license_family: BSD
  size: 25170
  timestamp: 1666700778190
- conda: https://conda.anaconda.org/conda-forge/linux-64/cudatoolkit-11.6.2-hfc3e2af_13.conda
  sha256: 5990db3504da9ffc8656c86b3684db9aec25a6462c966e37d0c046fc5745e574
  md5: 703ac7ac64737ac494875e89efb6ba57
  depends:
  - __glibc >=2.17,<3.0.a0
  - libgcc-ng >=12
  - libstdcxx-ng >=12
  constrains:
  - __cuda >=11
  license: LicenseRef-NVIDIA-End-User-License-Agreement
  size: 627909365
  timestamp: 1706881519886
- conda: https://conda.anaconda.org/pytorch/linux-64/ffmpeg-4.3-hf484d3e_0.tar.bz2
  sha256: 60b3e36cb36b706f5850f155bd9d3f33194a522b5ef20be46cb37dbc987a6741
  md5: 0b0bf7c3d7e146ef91de5310bbf7a230
  depends:
  - bzip2 >=1.0.8,<2.0a0
  - freetype >=2.10.2,<3.0a0
  - gmp >=6.1.2
  - gnutls >=3.6.5,<3.7.0a0
  - lame >=3.100,<3.101.0a0
  - libgcc-ng >=7.3.0
  - libiconv
  - libstdcxx-ng >=7.3.0
  - openh264 >=2.1.0,<2.2.0a0
  - zlib >=1.2.11,<1.3.0a0
  license: LGPL
  size: 10426878
  timestamp: 1596130242227
- conda: https://conda.anaconda.org/conda-forge/linux-64/freetype-2.12.1-h267a509_2.conda
  sha256: b2e3c449ec9d907dd4656cb0dc93e140f447175b125a3824b31368b06c666bb6
  md5: 9ae35c3d96db2c94ce0cef86efdfa2cb
  depends:
  - libgcc-ng >=12
  - libpng >=1.6.39,<1.7.0a0
  - libzlib >=1.2.13,<2.0.0a0
  license: GPL-2.0-only OR FTL
  size: 634972
  timestamp: 1694615932610
- conda: https://conda.anaconda.org/conda-forge/linux-64/gmp-6.3.0-hac33072_2.conda
  sha256: 309cf4f04fec0c31b6771a5809a1909b4b3154a2208f52351e1ada006f4c750c
  md5: c94a5994ef49749880a8139cf9afcbe1
  depends:
  - libgcc-ng >=12
  - libstdcxx-ng >=12
  license: GPL-2.0-or-later OR LGPL-3.0-or-later
  size: 460055
  timestamp: 1718980856608
- conda: https://conda.anaconda.org/conda-forge/linux-64/gnutls-3.6.13-h85f3911_1.tar.bz2
  sha256: 6c9307f0fedce2c4d060bba9ac888b300bc0912effab423d67b8e1b661a93305
  md5: 7d1b6fff16c1431d96cb4934938799fd
  depends:
  - libgcc-ng >=7.5.0
  - libstdcxx-ng >=7.5.0
  - nettle >=3.4.1
  - nettle >=3.6,<3.7.0a0
  license: LGPL-2.1-or-later
  license_family: LGPL
  size: 2096527
  timestamp: 1605742597225
- conda: https://conda.anaconda.org/conda-forge/linux-64/icu-73.2-h59595ed_0.conda
  sha256: e12fd90ef6601da2875ebc432452590bc82a893041473bc1c13ef29001a73ea8
  md5: cc47e1facc155f91abd89b11e48e72ff
  depends:
  - libgcc-ng >=12
  - libstdcxx-ng >=12
  license: MIT
  license_family: MIT
  size: 12089150
  timestamp: 1692900650789
- conda: https://conda.anaconda.org/conda-forge/noarch/idna-3.10-pyhd8ed1ab_0.conda
  sha256: 8c57fd68e6be5eecba4462e983aed7e85761a519aab80e834bbd7794d4b545b2
  md5: 7ba2ede0e7c795ff95088daf0dc59753
  depends:
  - python >=3.6
  license: BSD-3-Clause
  license_family: BSD
  size: 49837
  timestamp: 1726459583613
- conda: https://conda.anaconda.org/conda-forge/linux-64/jpeg-9e-h0b41bf4_3.conda
  sha256: 8f73194d09c9ea4a7e2b3562766b8d72125cc147b62c7cf83393e3a3bbfd581b
  md5: c7a069243e1fbe9a556ed2ec030e6407
  depends:
  - libgcc-ng >=12
  constrains:
  - libjpeg-turbo <0.0.0a
  license: IJG
  size: 240359
  timestamp: 1676177310738
- conda: https://conda.anaconda.org/conda-forge/linux-64/lame-3.100-h166bdaf_1003.tar.bz2
  sha256: aad2a703b9d7b038c0f745b853c6bb5f122988fe1a7a096e0e606d9cbec4eaab
  md5: a8832b479f93521a9e7b5b743803be51
  depends:
  - libgcc-ng >=12
  license: LGPL-2.0-only
  license_family: LGPL
  size: 508258
  timestamp: 1664996250081
- conda: https://conda.anaconda.org/conda-forge/linux-64/lcms2-2.14-h6ed2654_0.tar.bz2
  sha256: cbadb4150850941bf0518ba948effbbdd89b2c28dfdfed54eae196037e015b43
  md5: dcc588839de1445d90995a0a2c4f3a39
  depends:
  - jpeg >=9e,<10a
  - libgcc-ng >=12
  - libtiff >=4.4.0,<4.5.0a0
  license: MIT
  license_family: MIT
  size: 262144
  timestamp: 1667332608997
- conda: https://conda.anaconda.org/conda-forge/linux-64/ld_impl_linux-64-2.44-ha97dd6f_2.conda
  sha256: 707dfb8d55d7a5c6f95c772d778ef07a7ca85417d9971796f7d3daad0b615de8
  md5: 14bae321b8127b63cba276bd53fac237
  depends:
  - __glibc >=2.17,<3.0.a0
  constrains:
  - binutils_impl_linux-64 2.44
  license: GPL-3.0-only
  license_family: GPL
  size: 747158
  timestamp: 1758810907507
- conda: https://conda.anaconda.org/conda-forge/linux-64/lerc-4.0.0-h0aef613_1.conda
  sha256: 412381a43d5ff9bbed82cd52a0bbca5b90623f62e41007c9c42d3870c60945ff
  md5: 9344155d33912347b37f0ae6c410a835
  depends:
  - __glibc >=2.17,<3.0.a0
  - libgcc >=13
  - libstdcxx >=13
  license: Apache-2.0
  license_family: Apache
  size: 264243
  timestamp: 1745264221534
- conda: https://conda.anaconda.org/conda-forge/linux-64/libblas-3.9.0-1_h86c2bf4_netlib.tar.bz2
  build_number: 1
  sha256: c95bf82fbf258350d5f61c653a1a14d2e1cca7302bb348cc8347caa84e7ac9b1
  md5: 91273b91f1023d5c72ffc79e02e7812e
  depends:
  - libgcc-ng >=9.3.0
  - libgfortran-ng
  - libgfortran5 >=9.3.0
  constrains:
  - mkl <2025
  track_features:
  - blas_netlib
  - blas_netlib_2
  license: BSD-3-Clause
  license_family: BSD
  size: 203305
  timestamp: 1603052017387
- conda: https://conda.anaconda.org/conda-forge/linux-64/libcblas-3.9.0-12_h832b8c9_netlib.conda
  build_number: 12
  sha256: 40a0ee44a072628634a20426383764dbc228e87fcec5e52fca4c51ed650ddb69
  md5: ce55a2291c33c901988ad64b36ad9c03
  depends:
  - __glibc >=2.17,<3.0.a0
  - libblas 3.9.0.*
  - libgcc >=13
  - libgfortran
  - libgfortran5 >=13.3.0
  constrains:
  - mkl <2025
  track_features:
  - blas_netlib
  - blas_netlib_2
  license: BSD-3-Clause
  license_family: BSD
  size: 53904
  timestamp: 1745846563117
- conda: https://conda.anaconda.org/conda-forge/linux-64/libdeflate-1.14-h166bdaf_0.tar.bz2
  sha256: 6f7cbc9347964e7f9697bde98a8fb68e0ed926888b3116474b1224eaa92209dc
  md5: fc84a0446e4e4fb882e78d786cfb9734
  depends:
  - libgcc-ng >=12
  license: MIT
  license_family: MIT
  size: 82697
  timestamp: 1662888469663
- conda: https://conda.anaconda.org/conda-forge/linux-64/libffi-3.3-h58526e2_2.tar.bz2
  sha256: bfa80758d38a4f50089c38340b4577d476daaf10967ab2dfc2de9650854705f0
  md5: 665369991d8dd290ac5ee92fce3e6bf5
  depends:
  - libgcc-ng >=7.5.0
  - libstdcxx-ng >=7.5.0
  license: MIT
  license_family: MIT
  size: 52624
  timestamp: 1607352031860
- conda: https://conda.anaconda.org/conda-forge/linux-64/libgcc-15.1.0-h767d61c_5.conda
  sha256: 0caed73aac3966bfbf5710e06c728a24c6c138605121a3dacb2e03440e8baa6a
  md5: 264fbfba7fb20acf3b29cde153e345ce
  depends:
  - __glibc >=2.17,<3.0.a0
  - _openmp_mutex >=4.5
  constrains:
  - libgomp 15.1.0 h767d61c_5
  - libgcc-ng ==15.1.0=*_5
  license: GPL-3.0-only WITH GCC-exception-3.1
  license_family: GPL
  size: 824191
  timestamp: 1757042543820
- conda: https://conda.anaconda.org/conda-forge/linux-64/libgcc-ng-15.1.0-h69a702a_5.conda
  sha256: f54bb9c3be12b24be327f4c1afccc2969712e0b091cdfbd1d763fb3e61cda03f
  md5: 069afdf8ea72504e48d23ae1171d951c
  depends:
  - libgcc 15.1.0 h767d61c_5
  license: GPL-3.0-only WITH GCC-exception-3.1
  license_family: GPL
  size: 29187
  timestamp: 1757042549554
- conda: https://conda.anaconda.org/conda-forge/linux-64/libgfortran-15.1.0-h69a702a_5.conda
  sha256: 4c1a526198d0d62441549fdfd668cc8e18e77609da1e545bdcc771dd8dc6a990
  md5: 0c91408b3dec0b97e8a3c694845bd63b
  depends:
  - libgfortran5 15.1.0 hcea5267_5
  constrains:
  - libgfortran-ng ==15.1.0=*_5
  license: GPL-3.0-only WITH GCC-exception-3.1
  license_family: GPL
  size: 29169
  timestamp: 1757042575979
- conda: https://conda.anaconda.org/conda-forge/linux-64/libgfortran-ng-15.1.0-h69a702a_5.conda
  sha256: c57134f04fec99dca25a44d90b9ee9494b022650ede931a7d237c65706c67052
  md5: 41a5893c957ffed7f82b4005bc24866c
  depends:
  - libgfortran 15.1.0 h69a702a_5
  license: GPL-3.0-only WITH GCC-exception-3.1
  license_family: GPL
  size: 29199
  timestamp: 1757042744369
- conda: https://conda.anaconda.org/conda-forge/linux-64/libgfortran5-15.1.0-hcea5267_5.conda
  sha256: 9d06adc6d8e8187ddc1cad87525c690bc8202d8cb06c13b76ab2fc80a35ed565
  md5: fbd4008644add05032b6764807ee2cba
  depends:
  - __glibc >=2.17,<3.0.a0
  - libgcc >=15.1.0
  constrains:
  - libgfortran 15.1.0
  license: GPL-3.0-only WITH GCC-exception-3.1
  license_family: GPL
  size: 1564589
  timestamp: 1757042559498
- conda: https://conda.anaconda.org/conda-forge/linux-64/libhwloc-2.11.2-default_he43201b_1000.conda
  sha256: 75be8732e6f94ff2faa129f44ec4970275e1d977559b0c2fb75b7baa5347e16b
  md5: 36247217c4e1018085bd9db41eb3526a
  depends:
  - __glibc >=2.17,<3.0.a0
  - libgcc >=13
  - libstdcxx >=13
  - libxml2 >=2.12.7,<2.14.0a0
  license: BSD-3-Clause
  license_family: BSD
  size: 2425405
  timestamp: 1727379398547
- conda: https://conda.anaconda.org/conda-forge/linux-64/libiconv-1.18-h3b78370_2.conda
  sha256: c467851a7312765447155e071752d7bf9bf44d610a5687e32706f480aad2833f
  md5: 915f5995e94f60e9a4826e0b0920ee88
  depends:
  - __glibc >=2.17,<3.0.a0
  - libgcc >=14
  license: LGPL-2.1-only
  size: 790176
  timestamp: 1754908768807
- conda: https://conda.anaconda.org/conda-forge/linux-64/liblapack-3.9.0-12_hd37a5e2_netlib.conda
  build_number: 12
  sha256: 31e122ada73c23cb2c3bb75b66b6810dc8d22abfa3650b66de2f78fe03322e07
  md5: 4b181b55915cefcd35c8398c9274e629
  depends:
  - __glibc >=2.17,<3.0.a0
  - libblas 3.9.0.*
  - libgcc >=13
  - libgfortran
  - libgfortran5 >=13.3.0
  constrains:
  - mkl <2025
  track_features:
  - blas_netlib
  - blas_netlib_2
  license: BSD-3-Clause
  license_family: BSD
  size: 2780544
  timestamp: 1745846571197
- conda: https://conda.anaconda.org/conda-forge/linux-64/liblzma-5.8.1-hb9d3cd8_2.conda
  sha256: f2591c0069447bbe28d4d696b7fcb0c5bd0b4ac582769b89addbcf26fb3430d8
  md5: 1a580f7796c7bf6393fddb8bbbde58dc
  depends:
  - __glibc >=2.17,<3.0.a0
  - libgcc >=13
  constrains:
  - xz 5.8.1.*
  license: 0BSD
  size: 112894
  timestamp: 1749230047870
- conda: https://conda.anaconda.org/conda-forge/linux-64/liblzma-devel-5.8.1-hb9d3cd8_2.conda
  sha256: 329e66330a8f9cbb6a8d5995005478188eb4ba8a6b6391affa849744f4968492
  md5: f61edadbb301530bd65a32646bd81552
  depends:
  - __glibc >=2.17,<3.0.a0
  - libgcc >=13
  - liblzma 5.8.1 hb9d3cd8_2
  license: 0BSD
  size: 439868
  timestamp: 1749230061968
- conda: https://conda.anaconda.org/conda-forge/linux-64/libpng-1.6.43-h2797004_0.conda
  sha256: 502f6ff148ac2777cc55ae4ade01a8fc3543b4ffab25c4e0eaa15f94e90dd997
  md5: 009981dd9cfcaa4dbfa25ffaed86bcae
  depends:
  - libgcc-ng >=12
  - libzlib >=1.2.13,<2.0.0a0
  license: zlib-acknowledgement
  size: 288221
  timestamp: 1708780443939
- conda: https://conda.anaconda.org/conda-forge/linux-64/libsqlite-3.46.0-hde9e2c9_0.conda
  sha256: daee3f68786231dad457d0dfde3f7f1f9a7f2018adabdbb864226775101341a8
  md5: 18aa975d2094c34aef978060ae7da7d8
  depends:
  - libgcc-ng >=12
  - libzlib >=1.2.13,<2.0a0
  license: Unlicense
  size: 865346
  timestamp: 1718050628718
- conda: https://conda.anaconda.org/conda-forge/linux-64/libstdcxx-15.1.0-h8f9b012_5.conda
  sha256: 0f5f61cab229b6043541c13538d75ce11bd96fb2db76f94ecf81997b1fde6408
  md5: 4e02a49aaa9d5190cb630fa43528fbe6
  depends:
  - __glibc >=2.17,<3.0.a0
  - libgcc 15.1.0 h767d61c_5
  license: GPL-3.0-only WITH GCC-exception-3.1
  license_family: GPL
  size: 3896432
  timestamp: 1757042571458
- conda: https://conda.anaconda.org/conda-forge/linux-64/libstdcxx-ng-15.1.0-h4852527_5.conda
  sha256: 7b8cabbf0ab4fe3581ca28fe8ca319f964078578a51dd2ca3f703c1d21ba23ff
  md5: 8bba50c7f4679f08c861b597ad2bda6b
  depends:
  - libstdcxx 15.1.0 h8f9b012_5
  license: GPL-3.0-only WITH GCC-exception-3.1
  license_family: GPL
  size: 29233
  timestamp: 1757042603319
- conda: https://conda.anaconda.org/conda-forge/linux-64/libtiff-4.4.0-h82bc61c_5.conda
  sha256: f81d38e7458c6ba2fcf93bef4ed2c12c2977e89ca9a7f936ce53a3338a88352f
  md5: e712a63a21f9db647982971dc121cdcf
  depends:
  - jpeg >=9e,<10a
  - lerc >=4.0.0,<5.0a0
  - libdeflate >=1.14,<1.15.0a0
  - libgcc-ng >=12
  - libstdcxx-ng >=12
  - libwebp-base >=1.2.4,<2.0a0
  - libzlib >=1.2.13,<2.0.0a0
  - xz >=5.2.6,<6.0a0
  - zstd >=1.5.2,<1.6.0a0
  license: HPND
  size: 484764
  timestamp: 1671300678072
- conda: https://conda.anaconda.org/conda-forge/linux-64/libwebp-base-1.6.0-hd42ef1d_0.conda
  sha256: 3aed21ab28eddffdaf7f804f49be7a7d701e8f0e46c856d801270b470820a37b
  md5: aea31d2e5b1091feca96fcfe945c3cf9
  depends:
  - __glibc >=2.17,<3.0.a0
  - libgcc >=14
  constrains:
  - libwebp 1.6.0
  license: BSD-3-Clause
  license_family: BSD
  size: 429011
  timestamp: 1752159441324
- conda: https://conda.anaconda.org/conda-forge/linux-64/libxcb-1.13-h7f98852_1004.tar.bz2
  sha256: 8d5d24cbeda9282dd707edd3156e5fde2e3f3fe86c802fa7ce08c8f1e803bfd9
  md5: b3653fdc58d03face9724f602218a904
  depends:
  - libgcc-ng >=9.4.0
  - pthread-stubs
  - xorg-libxau
  - xorg-libxdmcp
  license: MIT
  license_family: MIT
  size: 399895
  timestamp: 1636658924671
- conda: https://conda.anaconda.org/conda-forge/linux-64/libxml2-2.12.7-hc051c1a_1.conda
  sha256: 576ea9134176636283ff052897bf7a91ffd8ac35b2c505dfde2890ec52849698
  md5: 340278ded8b0dc3a73f3660bbb0adbc6
  depends:
  - icu >=73.2,<74.0a0
  - libgcc-ng >=12
  - libiconv >=1.17,<2.0a0
  - libzlib >=1.2.13,<2.0a0
  - xz >=5.2.6,<6.0a0
  license: MIT
  license_family: MIT
  size: 704984
  timestamp: 1717546454837
- conda: https://conda.anaconda.org/conda-forge/linux-64/libzlib-1.2.13-h4ab18f5_6.conda
  sha256: 8ced4afed6322172182af503f21725d072a589a6eb918f8a58135c1e00d35980
  md5: 27329162c0dc732bcf67a4e0cd488125
  depends:
  - libgcc-ng >=12
  constrains:
  - zlib 1.2.13 *_6
  license: Zlib
  license_family: Other
  size: 61571
  timestamp: 1716874066944
- conda: https://conda.anaconda.org/conda-forge/linux-64/llvm-openmp-21.1.0-h4922eb0_0.conda
  sha256: eb42c041e2913e4a8da3e248e4e690b5500c9b9a7533b4f99e959a22064ac599
  md5: d9965f88b86534360e8fce160efb67f1
  depends:
  - __glibc >=2.17,<3.0.a0
  constrains:
  - openmp 21.1.0|21.1.0.*
  - intel-openmp <0.0a0
  license: Apache-2.0 WITH LLVM-exception
  license_family: APACHE
  size: 3231740
  timestamp: 1756673029051
- conda: https://conda.anaconda.org/conda-forge/linux-64/mkl-2024.0.0-ha957f24_49657.conda
  sha256: bdda7219d19c2963f7c43c806e2c2f2009e3ccb1963f74dcf1176b632f71c8d6
  md5: 21acbdcbba8d049c8617c486bdc9bc84
  depends:
  - _openmp_mutex * *_llvm
  - _openmp_mutex >=4.5
  - llvm-openmp >=17.0.6
  - tbb 2021.*
  license: LicenseRef-ProprietaryIntel
  license_family: Proprietary
  size: 126089019
  timestamp: 1706182192110
- conda: https://conda.anaconda.org/conda-forge/linux-64/ncurses-6.5-h2d0b736_3.conda
  sha256: 3fde293232fa3fca98635e1167de6b7c7fda83caf24b9d6c91ec9eefb4f4d586
  md5: 47e340acb35de30501a76c7c799c41d7
  depends:
  - __glibc >=2.17,<3.0.a0
  - libgcc >=13
  license: X11 AND BSD-3-Clause
  size: 891641
  timestamp: 1738195959188
- conda: https://conda.anaconda.org/conda-forge/linux-64/nettle-3.6-he412f7d_0.tar.bz2
  sha256: d929f0c53f2bb74c8e3d97dc1c53cc76b7cec97837fcf87998fa3dd447f03b36
  md5: f050099af540c1c960c813b06bca89ad
  depends:
  - libgcc-ng >=7.5.0
  license: GPL 2 and LGPL3
  license_family: GPL
  size: 6773272
  timestamp: 1605211080998
- conda: https://conda.anaconda.org/conda-forge/linux-64/numpy-1.21.6-py37h976b520_0.tar.bz2
  sha256: 89ff0557d8e55bd4944c0c283a91c18a2be62305b4b26a0a8a6e0938e550f7ee
  md5: b0701d8dc4849b6e06caf1c84135c13c
  depends:
  - libblas >=3.8.0,<4.0a0
  - libcblas >=3.8.0,<4.0a0
  - libgcc-ng >=10.3.0
  - liblapack >=3.8.0,<4.0a0
  - libstdcxx-ng >=10.3.0
  - python >=3.7,<3.8.0a0
  - python_abi 3.7.* *_cp37m
  constrains:
  - numpy-base <0a0
  license: BSD-3-Clause
  license_family: BSD
  size: 6400218
  timestamp: 1649806588705
- conda: https://conda.anaconda.org/conda-forge/linux-64/openh264-2.1.1-h780b84a_0.tar.bz2
  sha256: 2ce3df1edb23541595443c7697e5568ae6426fa4d365dede45b16b0310bd6a06
  md5: 034a6f90f1bbc7ba11d04b84ec9d74c8
  depends:
  - libgcc-ng >=9.3.0
  - libstdcxx-ng >=9.3.0
  - zlib >=1.2.11,<1.3.0a0
  license: BSD-2-Clause
  license_family: BSD
  size: 1585354
  timestamp: 1609583081716
- conda: https://conda.anaconda.org/conda-forge/linux-64/openjpeg-2.5.0-h7d73246_1.tar.bz2
  sha256: a715cba5649f12a1dca53dfd72fc49577152041f033d7595cf4b6a655a5b93b6
  md5: a11b4df9271a8d7917686725aa04c8f2
  depends:
  - libgcc-ng >=12
  - libpng >=1.6.37,<1.7.0a0
  - libstdcxx-ng >=12
  - libtiff >=4.4.0,<4.5.0a0
  - libzlib >=1.2.12,<2.0.0a0
  license: BSD-2-Clause
  license_family: BSD
  size: 546164
  timestamp: 1660347757945
- conda: https://conda.anaconda.org/conda-forge/linux-64/openssl-1.1.1w-hd590300_0.conda
  sha256: 4fe19885c77f0758084feb54954bd1977dfeeab7134fba0a1d9c0cfff821d6bd
  md5: 301e70057a3bd399640bb16bbdf87995
  depends:
  - ca-certificates
  - libgcc-ng >=12
  license: OpenSSL
  license_family: Apache
  size: 1956010
  timestamp: 1694461292959
- conda: https://conda.anaconda.org/conda-forge/linux-64/pillow-9.2.0-py37h850a105_2.tar.bz2
  sha256: 92257e51569c8a91b99b9c04b0642e3bab77cbaa71e45bf38d9445a749a040f0
  md5: 9532a440710f0245e79070561762e138
  depends:
  - freetype >=2.10.4,<3.0a0
  - jpeg >=9e,<10a
  - lcms2 >=2.12,<3.0a0
  - libgcc-ng >=12
  - libtiff >=4.4.0,<4.5.0a0
  - libwebp-base >=1.2.4,<2.0a0
  - libxcb >=1.13,<1.14.0a0
  - libzlib >=1.2.12,<2.0.0a0
  - openjpeg >=2.5.0,<2.6.0a0
  - python >=3.7,<3.8.0a0
  - python_abi 3.7.* *_cp37m
  - tk >=8.6.12,<8.7.0a0
  license: LicenseRef-PIL
  size: 47172645
  timestamp: 1660386021780
- conda: https://conda.anaconda.org/conda-forge/noarch/pip-22.3.1-pyhd8ed1ab_0.tar.bz2
  sha256: 7a86b2427abbf5cf695da192ba1c03130115f157297e7bfde65f0a18a345a7bc
  md5: da66f2851b9836d3a7c5190082a45f7d
  depends:
  - python >=3.7
  - setuptools
  - wheel
  license: MIT
  license_family: MIT
  size: 1556256
  timestamp: 1667674952208
- conda: https://conda.anaconda.org/conda-forge/noarch/plyfile-0.8.1-pyhd8ed1ab_0.conda
  sha256: dcdbdcd548521593f507cbedca3a6dea32c0dce0f9775ecbbf0c0fcebe4490d5
  md5: cf4ef45a7d5fdda61b9bc537c9d60961
  depends:
  - numpy
  - python >=3.7
  license: GPL-3.0-only
  license_family: GPL
  size: 31797
  timestamp: 1679423427884
- conda: https://conda.anaconda.org/conda-forge/linux-64/pthread-stubs-0.4-hb9d3cd8_1002.conda
  sha256: 9c88f8c64590e9567c6c80823f0328e58d3b1efb0e1c539c0315ceca764e0973
  md5: b3c17d95b5a10c6e64a21fa17573e70e
  depends:
  - __glibc >=2.17,<3.0.a0
  - libgcc >=13
  license: MIT
  license_family: MIT
  size: 8252
  timestamp: 1726802366959
- conda: https://conda.anaconda.org/conda-forge/linux-64/pysocks-1.7.1-py37h89c1867_5.tar.bz2
  sha256: 8b87ba22efdccaec470c6d641f1381d57404e109d55b1955e8b192d81e9da075
  md5: 8c4b0563f96363ee99f1ab864616ac63
  depends:
  - python >=3.7,<3.8.0a0
  - python_abi 3.7.* *_cp37m
  license: BSD 3-Clause
  license_family: BSD
  size: 28350
  timestamp: 1648857349643
- conda: https://conda.anaconda.org/main/linux-64/python-3.7.13-haa1d7c7_1.tar.bz2
  sha256: 41b5976495ab7326a11631d13c736cd712a3b8295446baf22ad3980e9368067f
  md5: 1b374c76aedcbdb3a2e0f81a0d3568b1
  depends:
  - ld_impl_linux-64
  - libffi >=3.3,<3.4.0a0
  - libgcc-ng >=11.2.0
  - ncurses >=6.3,<7.0a0
  - openssl >=1.1.1q,<1.1.2a
  - readline >=8.0,<9.0a0
  - sqlite >=3.39.3,<4.0a0
  - tk >=8.6.12,<8.7.0a0
  - xz >=5.2.6,<6.0a0
  - zlib >=1.2.12,<2.0.0a0
  license: PSF-2.0
  license_family: PSF
  size: 48678970
  timestamp: 1666119764107
- conda: https://conda.anaconda.org/conda-forge/linux-64/python_abi-3.7-2_cp37m.tar.bz2
  build_number: 2
  sha256: f8f84cf76e9a8a49becf147354d9946ede90388665d3aad4d1ce7a5ebd193526
  md5: afff88bf9a7048da740c70aeb8cdbb82
  depends:
  - python 3.7.*
  constrains:
  - pypy <0a0
  license: BSD-3-Clause
  license_family: BSD
  size: 4021
  timestamp: 1624472014859
- conda: https://conda.anaconda.org/pytorch/linux-64/pytorch-1.12.1-py3.7_cuda11.6_cudnn8.3.2_0.tar.bz2
  sha256: 1c82d460705d99b2f6a002be85a949d5450315666f80339de4e80ec0820663d3
  md5: ae679efffcd1512ed001bd33a31cac73
  depends:
  - blas * mkl
  - cudatoolkit >=11.6,<11.7
  - mkl >=2018
  - python >=3.7,<3.8.0a0
  - pytorch-mutex 1.0 cuda
  - typing_extensions
  constrains:
  - cpuonly <0
  license: BSD 3-Clause
  license_family: BSD
  size: 1286074180
  timestamp: 1659495114365
- conda: https://conda.anaconda.org/pytorch/noarch/pytorch-mutex-1.0-cuda.tar.bz2
  build_number: 100
  sha256: c16316183f51b74ca5eee4dcb8631052f328c0bbf244176734a0b7d390b81ee3
  md5: a948316e36fb5b11223b3fcfa93f8358
  size: 2906
  timestamp: 1628062930777
- conda: https://conda.anaconda.org/conda-forge/linux-64/readline-8.2-h8c095d6_2.conda
  sha256: 2d6d0c026902561ed77cd646b5021aef2d4db22e57a5b0178dfc669231e06d2c
  md5: 283b96675859b20a825f8fa30f311446
  depends:
  - libgcc >=13
  - ncurses >=6.5,<7.0a0
  license: GPL-3.0-only
  license_family: GPL
  size: 282480
  timestamp: 1740379431762
- conda: https://conda.anaconda.org/conda-forge/noarch/requests-2.32.2-pyhd8ed1ab_0.conda
  sha256: 115b796fddc846bee6f47e3c57d04d12fa93a47a7a8ef639cefdc05203c1bf00
  md5: e1643b34b19df8c028a4f00bf5df58a6
  depends:
  - certifi >=2017.4.17
  - charset-normalizer >=2,<4
  - idna >=2.5,<4
  - python >=3.7
  - urllib3 >=1.21.1,<3
  constrains:
  - chardet >=3.0.2,<6
  license: Apache-2.0
  license_family: APACHE
  size: 57885
  timestamp: 1716354575895
- conda: https://conda.anaconda.org/conda-forge/noarch/setuptools-69.0.3-pyhd8ed1ab_0.conda
  sha256: 0fe2a0473ad03dac6c7f5c42ef36a8e90673c88a0350dfefdea4b08d43803db2
  md5: 40695fdfd15a92121ed2922900d0308b
  depends:
  - python >=3.7
  license: MIT
  license_family: MIT
  size: 470548
  timestamp: 1704224855187
- conda: https://conda.anaconda.org/conda-forge/linux-64/sqlite-3.46.0-h6d4b2fc_0.conda
  sha256: e849d576e52bf3e6fc5786f89b7d76978f2e2438587826c95570324cb572e52b
  md5: 77ea8dff5cf8550cc8f5629a6af56323
  depends:
  - libgcc-ng >=12
  - libsqlite 3.46.0 hde9e2c9_0
  - libzlib >=1.2.13,<2.0a0
  - ncurses >=6.5,<7.0a0
  - readline >=8.2,<9.0a0
  license: Unlicense
  size: 860352
  timestamp: 1718050658212
- conda: https://conda.anaconda.org/conda-forge/linux-64/tbb-2021.13.0-hceb3a55_1.conda
  sha256: 65463732129899770d54b1fbf30e1bb82fdebda9d7553caf08d23db4590cd691
  md5: ba7726b8df7b9d34ea80e82b097a4893
  depends:
  - __glibc >=2.17,<3.0.a0
  - libgcc >=13
  - libhwloc >=2.11.2,<2.11.3.0a0
  - libstdcxx >=13
  license: Apache-2.0
  license_family: APACHE
  size: 175954
  timestamp: 1732982638805
- conda: https://conda.anaconda.org/conda-forge/linux-64/tk-8.6.13-noxft_h4845f30_101.conda
  sha256: e0569c9caa68bf476bead1bed3d79650bb080b532c64a4af7d8ca286c08dea4e
  md5: d453b98d9c83e71da0741bb0ff4d76bc
  depends:
  - libgcc-ng >=12
  - libzlib >=1.2.13,<2.0.0a0
  license: TCL
  license_family: BSD
  size: 3318875
  timestamp: 1699202167581
- conda: https://conda.anaconda.org/pytorch/linux-64/torchaudio-0.12.1-py37_cu116.tar.bz2
  build_number: 0
  sha256: 2605805e52dc4eab2eaef09ce197693891128cd292d8dfb249f2dded0ec50a6b
  md5: 598c87867f3ee61a03f5664aa5b1971b
  depends:
  - cudatoolkit >=11.6,<11.7
  - numpy >=1.11
  - python >=3.7,<3.8.0a0
  - pytorch 1.12.1
  - pytorch-mutex 1.0 cuda
  constrains:
  - cpuonly <0
  license: BSD
  size: 6494448
  timestamp: 1659624503530
- conda: https://conda.anaconda.org/pytorch/linux-64/torchvision-0.13.1-py37_cu116.tar.bz2
  build_number: 0
  sha256: 63cf7ba3f11abe03c684b83e98064bb6074d350cdddbf2b06d32b0c64d80aaf4
  md5: 99d27d3c9f30c1f852584c2b5b14d1d7
  depends:
  - cudatoolkit >=11.6,<11.7
  - ffmpeg >=4.2
  - jpeg
  - libpng
  - numpy >=1.11
  - pillow >=5.3.0,!=8.3.*
  - python >=3.7,<3.8.0a0
  - python_abi 3.7.* *_cp37m
  - pytorch 1.12.1
  - pytorch-mutex 1.0 cuda
  - requests
  constrains:
  - cpuonly <0
  license: BSD
  size: 30012372
  timestamp: 1659534769251
- conda: https://conda.anaconda.org/conda-forge/noarch/tqdm-4.67.1-pyhd8ed1ab_0.conda
  sha256: 5673b7104350a6998cb86cccf1d0058217d86950e8d6c927d8530606028edb1d
  md5: 4085c9db273a148e149c03627350e22c
  depends:
  - colorama
  - python >=3.7
  license: MPL-2.0 or MIT
  size: 89484
  timestamp: 1732497312317
- conda: https://conda.anaconda.org/conda-forge/noarch/typing_extensions-4.7.1-pyha770c72_0.conda
  sha256: 6edd6d5be690be492712cb747b6d62707f0d0c34ef56eefc796d91e5a03187d1
  md5: c39d6a09fe819de4951c2642629d9115
  depends:
  - python >=3.7
  license: PSF-2.0
  license_family: PSF
  size: 36321
  timestamp: 1688315719627
- conda: https://conda.anaconda.org/conda-forge/noarch/urllib3-2.2.1-pyhd8ed1ab_0.conda
  sha256: d4009dcc9327684d6409706ce17656afbeae690d8522d3c9bc4df57649a352cd
  md5: 08807a87fa7af10754d46f63b368e016
  depends:
  - brotli-python >=1.0.9
  - pysocks >=1.5.6,<2.0,!=1.5.7
  - python >=3.7
  license: MIT
  license_family: MIT
  size: 94669
  timestamp: 1708239595549
- conda: https://conda.anaconda.org/conda-forge/noarch/wheel-0.42.0-pyhd8ed1ab_0.conda
  sha256: 80be0ccc815ce22f80c141013302839b0ed938a2edb50b846cf48d8a8c1cfa01
  md5: 1cdea58981c5cbc17b51973bcaddcea7
  depends:
  - python >=3.7
  license: MIT
  license_family: MIT
  size: 57553
  timestamp: 1701013309664
- conda: https://conda.anaconda.org/conda-forge/linux-64/xorg-libxau-1.0.12-hb9d3cd8_0.conda
  sha256: ed10c9283974d311855ae08a16dfd7e56241fac632aec3b92e3cfe73cff31038
  md5: f6ebe2cb3f82ba6c057dde5d9debe4f7
  depends:
  - __glibc >=2.17,<3.0.a0
  - libgcc >=13
  license: MIT
  license_family: MIT
  size: 14780
  timestamp: 1734229004433
- conda: https://conda.anaconda.org/conda-forge/linux-64/xorg-libxdmcp-1.1.5-hb9d3cd8_0.conda
  sha256: 6b250f3e59db07c2514057944a3ea2044d6a8cdde8a47b6497c254520fade1ee
  md5: 8035c64cb77ed555e3f150b7b3972480
  depends:
  - __glibc >=2.17,<3.0.a0
  - libgcc >=13
  license: MIT
  license_family: MIT
  size: 19901
  timestamp: 1727794976192
- conda: https://conda.anaconda.org/conda-forge/linux-64/xz-5.8.1-hbcc6ac9_2.conda
  sha256: 802725371682ea06053971db5b4fb7fbbcaee9cb1804ec688f55e51d74660617
  md5: 68eae977d7d1196d32b636a026dc015d
  depends:
  - __glibc >=2.17,<3.0.a0
  - libgcc >=13
  - liblzma 5.8.1 hb9d3cd8_2
  - liblzma-devel 5.8.1 hb9d3cd8_2
  - xz-gpl-tools 5.8.1 hbcc6ac9_2
  - xz-tools 5.8.1 hb9d3cd8_2
  license: 0BSD AND LGPL-2.1-or-later AND GPL-2.0-or-later
  size: 23987
  timestamp: 1749230104359
- conda: https://conda.anaconda.org/conda-forge/linux-64/xz-gpl-tools-5.8.1-hbcc6ac9_2.conda
  sha256: 840838dca829ec53f1160f3fca6dbfc43f2388b85f15d3e867e69109b168b87b
  md5: bf627c16aa26231720af037a2709ab09
  depends:
  - __glibc >=2.17,<3.0.a0
  - libgcc >=13
  - liblzma 5.8.1 hb9d3cd8_2
  constrains:
  - xz 5.8.1.*
  license: 0BSD AND LGPL-2.1-or-later AND GPL-2.0-or-later
  size: 33911
  timestamp: 1749230090353
- conda: https://conda.anaconda.org/conda-forge/linux-64/xz-tools-5.8.1-hb9d3cd8_2.conda
  sha256: 58034f3fca491075c14e61568ad8b25de00cb3ae479de3e69be6d7ee5d3ace28
  md5: 1bad2995c8f1c8075c6c331bf96e46fb
  depends:
  - __glibc >=2.17,<3.0.a0
  - libgcc >=13
  - liblzma 5.8.1 hb9d3cd8_2
  constrains:
  - xz 5.8.1.*
  license: 0BSD AND LGPL-2.1-or-later
  size: 96433
  timestamp: 1749230076687
- conda: https://conda.anaconda.org/conda-forge/linux-64/zlib-1.2.13-h4ab18f5_6.conda
  sha256: 534824ea44939f3e59ca8ebb95e3ece6f50f9d2a0e69999fbc692311252ed6ac
  md5: 559d338a4234c2ad6e676f460a093e67
  depends:
  - libgcc-ng >=12
  - libzlib 1.2.13 h4ab18f5_6
  license: Zlib
  license_family: Other
  size: 92883
  timestamp: 1716874088980
- conda: https://conda.anaconda.org/conda-forge/linux-64/zstd-1.5.6-ha6fb4c9_0.conda
  sha256: c558b9cc01d9c1444031bd1ce4b9cff86f9085765f17627a6cd85fc623c8a02b
  md5: 4d056880988120e29d75bfff282e0f45
  depends:
  - libgcc-ng >=12
  - libstdcxx-ng >=12
  - libzlib >=1.2.13,<2.0.0a0
  license: BSD-3-Clause
  license_family: BSD
  size: 554846
  timestamp: 1714722996770
